{
    "_readme": [
        "This file locks the dependencies of your project to a known state",
        "Read more about it at https://getcomposer.org/doc/01-basic-usage.md#installing-dependencies",
        "This file is @generated automatically"
    ],
    "content-hash": "8e56c8e6d1534c6b74fd3de87c656710",
    "packages": [
        {
            "name": "maikuolan/common",
            "version": "v2.9.3",
            "source": {
                "type": "git",
                "url": "https://github.com/Maikuolan/Common.git",
                "reference": "55b3c5e032be2687e734eee433183e293a566dac"
            },
            "dist": {
                "type": "zip",
                "url": "https://api.github.com/repos/Maikuolan/Common/zipball/55b3c5e032be2687e734eee433183e293a566dac",
                "reference": "55b3c5e032be2687e734eee433183e293a566dac",
                "shasum": ""
            },
            "require": {
                "ext-iconv": "*",
                "ext-pcre": "*",
                "php": ">=7.2.0"
            },
            "type": "library",
            "autoload": {
                "psr-4": {
                    "Maikuolan\\Common\\": "src/"
                }
            },
            "notification-url": "https://packagist.org/downloads/",
            "license": [
                "GPL-2.0-or-later"
            ],
            "description": "Common classes package. Contains some common classes written for CIDRAM, phpMussel, etc, available for additional use elsewhere via this package.",
            "keywords": [
                "classes",
                "common",
                "l10n",
                "php",
                "yaml"
            ],
            "support": {
                "docs": "https://github.com/Maikuolan/Common/tree/v2/_docs",
                "issues": "https://github.com/Maikuolan/Common/issues",
                "rss": "https://github.com/Maikuolan/Common/releases.atom",
                "source": "https://github.com/Maikuolan/Common"
            },
            "funding": [
                {
                    "url": "https://paypal.me/maikuolan",
                    "type": "custom"
                },
                {
                    "url": "https://ko-fi.com/maikuolan",
                    "type": "ko_fi"
                },
                {
                    "url": "https://liberapay.com/Maikuolan",
                    "type": "liberapay"
                }
            ],
            "time": "2022-11-22T04:21:26+00:00"
        }
    ],
    "packages-dev": [],
    "aliases": [],
    "minimum-stability": "stable",
    "stability-flags": [],
    "prefer-stable": false,
    "prefer-lowest": false,
    "platform": [],
    "platform-dev": [],
    "plugin-api-version": "2.3.0"
}
